
Microsoft Visual Studio Solution File, Format Version 12.00
# Visual Studio 15
VisualStudioVersion = 15.0.28307.960
MinimumVisualStudioVersion = 10.0.40219.1
Project("{FAE04EC0-301F-11D3-BF4B-00C04F79EFBC}") = "PuntosTateti", "PuntosTateti\PuntosTateti.csproj", "{A59CA64B-ECFF-4991-BB12-21548127BF17}"
EndProject
Project("{FAE04EC0-301F-11D3-BF4B-00C04F79EFBC}") = "ClassLibrary", "ClassLibrary\ClassLibrary.csproj", "{C19CF6CE-0FF4-4ECD-A566-EE81B2418FCF}"
EndProject
Global
	GlobalSection(SolutionConfigurationPlatforms) = preSolution
		Debug|Any CPU = Debug|Any CPU
		Release|Any CPU = Release|Any CPU
	EndGlobalSection
	GlobalSection(ProjectConfigurationPlatforms) = postSolution
		{A59CA64B-ECFF-4991-BB12-21548127BF17}.Debug|Any CPU.ActiveCfg = Debug|Any CPU
		{A59CA64B-ECFF-4991-BB12-21548127BF17}.Debug|Any CPU.Build.0 = Debug|Any CPU
		{A59CA64B-ECFF-4991-BB12-21548127BF17}.Release|Any CPU.ActiveCfg = Release|Any CPU
		{A59CA64B-ECFF-4991-BB12-21548127BF17}.Release|Any CPU.Build.0 = Release|Any CPU
		{C19CF6CE-0FF4-4ECD-A566-EE81B2418FCF}.Debug|Any CPU.ActiveCfg = Debug|Any CPU
		{C19CF6CE-0FF4-4ECD-A566-EE81B2418FCF}.Debug|Any CPU.Build.0 = Debug|Any CPU
		{C19CF6CE-0FF4-4ECD-A566-EE81B2418FCF}.Release|Any CPU.ActiveCfg = Release|Any CPU
		{C19CF6CE-0FF4-4ECD-A566-EE81B2418FCF}.Release|Any CPU.Build.0 = Release|Any CPU
	EndGlobalSection
	GlobalSection(SolutionProperties) = preSolution
		HideSolutionNode = FALSE
	EndGlobalSection
	GlobalSection(ExtensibilityGlobals) = postSolution
		SolutionGuid = {1555241C-6415-418C-BEDA-1E0DB2D61F11}
	EndGlobalSection
EndGlobal
